
Microsoft Visual Studio Solution File, Format Version 12.00
# Visual Studio 15
VisualStudioVersion = 15.0.27703.2042
MinimumVisualStudioVersion = 10.0.40219.1
Project("{FAE04EC0-301F-11D3-BF4B-00C04F79EFBC}") = "WindowsFormsApp21", "WindowsFormsApp21\WindowsFormsApp21.csproj", "{82277478-C633-40FD-B3E3-89860D4A6682}"
EndProject
Global
	GlobalSection(SolutionConfigurationPlatforms) = preSolution
		Debug|Any CPU = Debug|Any CPU
		Release|Any CPU = Release|Any CPU
	EndGlobalSection
	GlobalSection(ProjectConfigurationPlatforms) = postSolution
		{82277478-C633-40FD-B3E3-89860D4A6682}.Debug|Any CPU.ActiveCfg = Debug|Any CPU
		{82277478-C633-40FD-B3E3-89860D4A6682}.Debug|Any CPU.Build.0 = Debug|Any CPU
		{82277478-C633-40FD-B3E3-89860D4A6682}.Release|Any CPU.ActiveCfg = Release|Any CPU
		{82277478-C633-40FD-B3E3-89860D4A6682}.Release|Any CPU.Build.0 = Release|Any CPU
	EndGlobalSection
	GlobalSection(SolutionProperties) = preSolution
		HideSolutionNode = FALSE
	EndGlobalSection
	GlobalSection(ExtensibilityGlobals) = postSolution
		SolutionGuid = {7D88D9FA-1A18-4FEC-A516-0012077997A7}
	EndGlobalSection
EndGlobal
