
Microsoft Visual Studio Solution File, Format Version 11.00
# Visual Studio 2010
Project("{FAE04EC0-301F-11D3-BF4B-00C04F79EFBC}") = "Geom_model", "Geom_model\Geom_model.csproj", "{F6F91D56-30DD-48E6-8D6A-877E35B85E25}"
EndProject
Global
	GlobalSection(SolutionConfigurationPlatforms) = preSolution
		Debug|Any CPU = Debug|Any CPU
		Release|Any CPU = Release|Any CPU
	EndGlobalSection
	GlobalSection(ProjectConfigurationPlatforms) = postSolution
		{F6F91D56-30DD-48E6-8D6A-877E35B85E25}.Debug|Any CPU.ActiveCfg = Debug|Any CPU
		{F6F91D56-30DD-48E6-8D6A-877E35B85E25}.Debug|Any CPU.Build.0 = Debug|Any CPU
		{F6F91D56-30DD-48E6-8D6A-877E35B85E25}.Release|Any CPU.ActiveCfg = Release|Any CPU
		{F6F91D56-30DD-48E6-8D6A-877E35B85E25}.Release|Any CPU.Build.0 = Release|Any CPU
	EndGlobalSection
	GlobalSection(SolutionProperties) = preSolution
		HideSolutionNode = FALSE
	EndGlobalSection
EndGlobal
